
Microsoft Visual Studio Solution File, Format Version 12.00
# Visual Studio 15
VisualStudioVersion = 15.0.28307.271
MinimumVisualStudioVersion = 10.0.40219.1
Project("{FAE04EC0-301F-11D3-BF4B-00C04F79EFBC}") = "MyEvernote.WebApp", "MyEvernote.WebApp\MyEvernote.WebApp.csproj", "{943D210D-6578-46EA-AD67-97749E5B56EF}"
EndProject
Project("{FAE04EC0-301F-11D3-BF4B-00C04F79EFBC}") = "MyEvernote.BusinessLayer", "MyEvernote.BusinessLayer\MyEvernote.BusinessLayer.csproj", "{1D36BF10-3507-4F7F-9A66-36A89AA422B2}"
EndProject
Project("{FAE04EC0-301F-11D3-BF4B-00C04F79EFBC}") = "MyEvernote.DataAccessLayer", "MyEvernote.DataAccessLayer\MyEvernote.DataAccessLayer.csproj", "{C5F6F9E0-D318-4CEF-9CC6-E2F02BE44251}"
EndProject
Project("{FAE04EC0-301F-11D3-BF4B-00C04F79EFBC}") = "MyEvernote.Entities", "MyEvernote.Entities\MyEvernote.Entities.csproj", "{31644CFA-BC5B-4AF7-A8C5-1FFF941146B7}"
EndProject
Project("{FAE04EC0-301F-11D3-BF4B-00C04F79EFBC}") = "MyEvernote.Common", "MyEvernote.Common\MyEvernote.Common.csproj", "{3E756534-9EF8-4B38-9316-7086DFA8E29F}"
EndProject
Project("{FAE04EC0-301F-11D3-BF4B-00C04F79EFBC}") = "MyEvernote.core", "MyEvernote.core\MyEvernote.core.csproj", "{21FCE863-1734-4549-88DD-F9DFFF460FAC}"
EndProject
Global
	GlobalSection(SolutionConfigurationPlatforms) = preSolution
		Debug|Any CPU = Debug|Any CPU
		Release|Any CPU = Release|Any CPU
	EndGlobalSection
	GlobalSection(ProjectConfigurationPlatforms) = postSolution
		{943D210D-6578-46EA-AD67-97749E5B56EF}.Debug|Any CPU.ActiveCfg = Debug|Any CPU
		{943D210D-6578-46EA-AD67-97749E5B56EF}.Debug|Any CPU.Build.0 = Debug|Any CPU
		{943D210D-6578-46EA-AD67-97749E5B56EF}.Release|Any CPU.ActiveCfg = Release|Any CPU
		{943D210D-6578-46EA-AD67-97749E5B56EF}.Release|Any CPU.Build.0 = Release|Any CPU
		{1D36BF10-3507-4F7F-9A66-36A89AA422B2}.Debug|Any CPU.ActiveCfg = Debug|Any CPU
		{1D36BF10-3507-4F7F-9A66-36A89AA422B2}.Debug|Any CPU.Build.0 = Debug|Any CPU
		{1D36BF10-3507-4F7F-9A66-36A89AA422B2}.Release|Any CPU.ActiveCfg = Release|Any CPU
		{1D36BF10-3507-4F7F-9A66-36A89AA422B2}.Release|Any CPU.Build.0 = Release|Any CPU
		{C5F6F9E0-D318-4CEF-9CC6-E2F02BE44251}.Debug|Any CPU.ActiveCfg = Debug|Any CPU
		{C5F6F9E0-D318-4CEF-9CC6-E2F02BE44251}.Debug|Any CPU.Build.0 = Debug|Any CPU
		{C5F6F9E0-D318-4CEF-9CC6-E2F02BE44251}.Release|Any CPU.ActiveCfg = Release|Any CPU
		{C5F6F9E0-D318-4CEF-9CC6-E2F02BE44251}.Release|Any CPU.Build.0 = Release|Any CPU
		{31644CFA-BC5B-4AF7-A8C5-1FFF941146B7}.Debug|Any CPU.ActiveCfg = Debug|Any CPU
		{31644CFA-BC5B-4AF7-A8C5-1FFF941146B7}.Debug|Any CPU.Build.0 = Debug|Any CPU
		{31644CFA-BC5B-4AF7-A8C5-1FFF941146B7}.Release|Any CPU.ActiveCfg = Release|Any CPU
		{31644CFA-BC5B-4AF7-A8C5-1FFF941146B7}.Release|Any CPU.Build.0 = Release|Any CPU
		{3E756534-9EF8-4B38-9316-7086DFA8E29F}.Debug|Any CPU.ActiveCfg = Debug|Any CPU
		{3E756534-9EF8-4B38-9316-7086DFA8E29F}.Debug|Any CPU.Build.0 = Debug|Any CPU
		{3E756534-9EF8-4B38-9316-7086DFA8E29F}.Release|Any CPU.ActiveCfg = Release|Any CPU
		{3E756534-9EF8-4B38-9316-7086DFA8E29F}.Release|Any CPU.Build.0 = Release|Any CPU
		{21FCE863-1734-4549-88DD-F9DFFF460FAC}.Debug|Any CPU.ActiveCfg = Debug|Any CPU
		{21FCE863-1734-4549-88DD-F9DFFF460FAC}.Debug|Any CPU.Build.0 = Debug|Any CPU
		{21FCE863-1734-4549-88DD-F9DFFF460FAC}.Release|Any CPU.ActiveCfg = Release|Any CPU
		{21FCE863-1734-4549-88DD-F9DFFF460FAC}.Release|Any CPU.Build.0 = Release|Any CPU
	EndGlobalSection
	GlobalSection(SolutionProperties) = preSolution
		HideSolutionNode = FALSE
	EndGlobalSection
	GlobalSection(ExtensibilityGlobals) = postSolution
		SolutionGuid = {E9956151-DAE6-443A-89BD-B5E0D95B5C9F}
	EndGlobalSection
EndGlobal
